# This file is automatically @generated by Cargo.
# It is not intended for manual editing.
version = 4

[[package]]
name = "edgezero-bundle"
version = "0.0.1"
dependencies = [
 "edgezero-core",
]

[[package]]
name = "edgezero-cli"
version = "0.0.1"
dependencies = [
 "edgezero-core",
]

[[package]]
name = "edgezero-contract"
version = "0.0.1"
dependencies = [
 "edgezero-core",
]

[[package]]
name = "edgezero-core"
version = "0.0.1"

[[package]]
name = "edgezero-node"
version = "0.0.1"
dependencies = [
 "edgezero-core",
]

[[package]]
name = "edgezero-policy"
version = "0.0.1"
dependencies = [
 "edgezero-core",
]

[[package]]
name = "edgezero-provider-sdk"
version = "0.0.1"
dependencies = [
 "edgezero-core",
]

[[package]]
name = "edgezero-resolver"
version = "0.0.1"
dependencies = [
 "edgezero-core",
]

[[package]]
name = "edgezero-runtime"
version = "0.0.1"
dependencies = [
 "edgezero-core",
]
