lockfileVersion: '9.0'

settings:
  autoInstallPeers: true
  excludeLinksFromLockfile: false

importers:

  .: {}

  examples/counter: {}

  packages/compiler-wasm: {}

  packages/language-service:
    dependencies:
      '@presolve/compiler-wasm':
        specifier: workspace:*
        version: link:../compiler-wasm

  packages/lsp:
    dependencies:
      '@presolve/language-service':
        specifier: workspace:*
        version: link:../language-service

  packages/runtime: {}
